
Microsoft Visual Studio Solution File, Format Version 12.00
# Visual Studio Version 17
VisualStudioVersion = 17.2.32616.157
MinimumVisualStudioVersion = 10.0.40219.1
Project("{888888A0-9F3D-457C-B088-3A5042F75D52}") = "Secret Auction", "Secret Auction.pyproj", "{FFF8A72C-D73E-414C-80E1-6572490E9916}"
EndProject
Global
	GlobalSection(SolutionConfigurationPlatforms) = preSolution
		Debug|Any CPU = Debug|Any CPU
		Release|Any CPU = Release|Any CPU
	EndGlobalSection
	GlobalSection(ProjectConfigurationPlatforms) = postSolution
		{FFF8A72C-D73E-414C-80E1-6572490E9916}.Debug|Any CPU.ActiveCfg = Debug|Any CPU
		{FFF8A72C-D73E-414C-80E1-6572490E9916}.Release|Any CPU.ActiveCfg = Release|Any CPU
	EndGlobalSection
	GlobalSection(SolutionProperties) = preSolution
		HideSolutionNode = FALSE
	EndGlobalSection
	GlobalSection(ExtensibilityGlobals) = postSolution
		SolutionGuid = {CD9CE4D9-D1A6-439B-A138-5FA4B6BED5C5}
	EndGlobalSection
EndGlobal
